// !$*UTF8*$!
{
	archiveVersion = 1;
	classes = {
	};
	objectVersion = 56;
	objects = {

/* Begin PBXBuildFile section */
		D00279D02BD52CEE00E73F87 /* AppDelegate.swift in Sources */ = {isa = PBXBuildFile; fileRef = D00279CF2BD52CEE00E73F87 /* AppDelegate.swift */; };
		D00279D22BD52CEE00E73F87 /* SceneDelegate.swift in Sources */ = {isa = PBXBuildFile; fileRef = D00279D12BD52CEE00E73F87 /* SceneDelegate.swift */; };
		D00279D92BD52CEF00E73F87 /* Assets.xcassets in Resources */ = {isa = PBXBuildFile; fileRef = D00279D82BD52CEF00E73F87 /* Assets.xcassets */; };
		D00279DC2BD52CEF00E73F87 /* Base in Resources */ = {isa = PBXBuildFile; fileRef = D00279DB2BD52CEF00E73F87 /* Base */; };
		D00279E42BD52DA300E73F87 /* CountryMainPageController.swift in Sources */ = {isa = PBXBuildFile; fileRef = D00279E32BD52DA300E73F87 /* CountryMainPageController.swift */; };
		D00279E62BD52DB900E73F87 /* CountryDetailsViewCV.swift in Sources */ = {isa = PBXBuildFile; fileRef = D00279E52BD52DB900E73F87 /* CountryDetailsViewCV.swift */; };
		D00279E82BD52DE500E73F87 /* CountryTableViewCell.swift in Sources */ = {isa = PBXBuildFile; fileRef = D00279E72BD52DE500E73F87 /* CountryTableViewCell.swift */; };
		D00279EA2BD52E0600E73F87 /* CountryModel.swift in Sources */ = {isa = PBXBuildFile; fileRef = D00279E92BD52E0600E73F87 /* CountryModel.swift */; };
		D00279EC2BD52F2F00E73F87 /* UIView+Ext.swift in Sources */ = {isa = PBXBuildFile; fileRef = D00279EB2BD52F2F00E73F87 /* UIView+Ext.swift */; };
		D03D74A12BE004B500371338 /* LoginPageViewController.swift in Sources */ = {isa = PBXBuildFile; fileRef = D03D74A02BE004B500371338 /* LoginPageViewController.swift */; };
		D03D74A32BE0363100371338 /* LoginPageViewModel.swift in Sources */ = {isa = PBXBuildFile; fileRef = D03D74A22BE0363100371338 /* LoginPageViewModel.swift */; };
		D03D74A52BE0486600371338 /* KeychainService.swift in Sources */ = {isa = PBXBuildFile; fileRef = D03D74A42BE0486600371338 /* KeychainService.swift */; };
		D03D74A82BE0593B00371338 /* LoginPageExtension.swift in Sources */ = {isa = PBXBuildFile; fileRef = D03D74A72BE0593B00371338 /* LoginPageExtension.swift */; };
		D04B8EED2BDE88FF00A587B4 /* CountryMainPageViewModel.swift in Sources */ = {isa = PBXBuildFile; fileRef = D04B8EEC2BDE88FF00A587B4 /* CountryMainPageViewModel.swift */; };
		D04B8EF02BDE892C00A587B4 /* CountryDetailsViewModel.swift in Sources */ = {isa = PBXBuildFile; fileRef = D04B8EEF2BDE892C00A587B4 /* CountryDetailsViewModel.swift */; };
		D04B8EF32BDE8A5100A587B4 /* NetworkService.swift in Sources */ = {isa = PBXBuildFile; fileRef = D04B8EF22BDE8A5100A587B4 /* NetworkService.swift */; };
		D04B8EF52BDE8A6000A587B4 /* ImageService.swift in Sources */ = {isa = PBXBuildFile; fileRef = D04B8EF42BDE8A6000A587B4 /* ImageService.swift */; };
		D04B8EF92BDE94B100A587B4 /* CountryTableView.swift in Sources */ = {isa = PBXBuildFile; fileRef = D04B8EF82BDE94B100A587B4 /* CountryTableView.swift */; };
		D04B8EFB2BDEA04B00A587B4 /* CountryTableViewCellViewModel.swift in Sources */ = {isa = PBXBuildFile; fileRef = D04B8EFA2BDEA04B00A587B4 /* CountryTableViewCellViewModel.swift */; };
/* End PBXBuildFile section */

/* Begin PBXFileReference section */
		D00279CC2BD52CEE00E73F87 /* UIKITHomeWork8.app */ = {isa = PBXFileReference; explicitFileType = wrapper.application; includeInIndex = 0; path = UIKITHomeWork8.app; sourceTree = BUILT_PRODUCTS_DIR; };
		D00279CF2BD52CEE00E73F87 /* AppDelegate.swift */ = {isa = PBXFileReference; lastKnownFileType = sourcecode.swift; path = AppDelegate.swift; sourceTree = "<group>"; };
		D00279D12BD52CEE00E73F87 /* SceneDelegate.swift */ = {isa = PBXFileReference; lastKnownFileType = sourcecode.swift; path = SceneDelegate.swift; sourceTree = "<group>"; };
		D00279D82BD52CEF00E73F87 /* Assets.xcassets */ = {isa = PBXFileReference; lastKnownFileType = folder.assetcatalog; path = Assets.xcassets; sourceTree = "<group>"; };
		D00279DB2BD52CEF00E73F87 /* Base */ = {isa = PBXFileReference; lastKnownFileType = file.storyboard; name = Base; path = Base.lproj/LaunchScreen.storyboard; sourceTree = "<group>"; };
		D00279DD2BD52CEF00E73F87 /* Info.plist */ = {isa = PBXFileReference; lastKnownFileType = text.plist.xml; path = Info.plist; sourceTree = "<group>"; };
		D00279E32BD52DA300E73F87 /* CountryMainPageController.swift */ = {isa = PBXFileReference; lastKnownFileType = sourcecode.swift; path = CountryMainPageController.swift; sourceTree = "<group>"; };
		D00279E52BD52DB900E73F87 /* CountryDetailsViewCV.swift */ = {isa = PBXFileReference; lastKnownFileType = sourcecode.swift; path = CountryDetailsViewCV.swift; sourceTree = "<group>"; };
		D00279E72BD52DE500E73F87 /* CountryTableViewCell.swift */ = {isa = PBXFileReference; lastKnownFileType = sourcecode.swift; path = CountryTableViewCell.swift; sourceTree = "<group>"; };
		D00279E92BD52E0600E73F87 /* CountryModel.swift */ = {isa = PBXFileReference; lastKnownFileType = sourcecode.swift; path = CountryModel.swift; sourceTree = "<group>"; };
		D00279EB2BD52F2F00E73F87 /* UIView+Ext.swift */ = {isa = PBXFileReference; lastKnownFileType = sourcecode.swift; path = "UIView+Ext.swift"; sourceTree = "<group>"; };
		D03D74A02BE004B500371338 /* LoginPageViewController.swift */ = {isa = PBXFileReference; lastKnownFileType = sourcecode.swift; path = LoginPageViewController.swift; sourceTree = "<group>"; };
		D03D74A22BE0363100371338 /* LoginPageViewModel.swift */ = {isa = PBXFileReference; lastKnownFileType = sourcecode.swift; path = LoginPageViewModel.swift; sourceTree = "<group>"; };
		D03D74A42BE0486600371338 /* KeychainService.swift */ = {isa = PBXFileReference; lastKnownFileType = sourcecode.swift; path = KeychainService.swift; sourceTree = "<group>"; };
		D03D74A72BE0593B00371338 /* LoginPageExtension.swift */ = {isa = PBXFileReference; lastKnownFileType = sourcecode.swift; path = LoginPageExtension.swift; sourceTree = "<group>"; };
		D04B8EEC2BDE88FF00A587B4 /* CountryMainPageViewModel.swift */ = {isa = PBXFileReference; lastKnownFileType = sourcecode.swift; path = CountryMainPageViewModel.swift; sourceTree = "<group>"; };
		D04B8EEF2BDE892C00A587B4 /* CountryDetailsViewModel.swift */ = {isa = PBXFileReference; lastKnownFileType = sourcecode.swift; path = CountryDetailsViewModel.swift; sourceTree = "<group>"; };
		D04B8EF22BDE8A5100A587B4 /* NetworkService.swift */ = {isa = PBXFileReference; lastKnownFileType = sourcecode.swift; path = NetworkService.swift; sourceTree = "<group>"; };
		D04B8EF42BDE8A6000A587B4 /* ImageService.swift */ = {isa = PBXFileReference; lastKnownFileType = sourcecode.swift; path = ImageService.swift; sourceTree = "<group>"; };
		D04B8EF82BDE94B100A587B4 /* CountryTableView.swift */ = {isa = PBXFileReference; lastKnownFileType = sourcecode.swift; path = CountryTableView.swift; sourceTree = "<group>"; };
		D04B8EFA2BDEA04B00A587B4 /* CountryTableViewCellViewModel.swift */ = {isa = PBXFileReference; lastKnownFileType = sourcecode.swift; path = CountryTableViewCellViewModel.swift; sourceTree = "<group>"; };
/* End PBXFileReference section */

/* Begin PBXFrameworksBuildPhase section */
		D00279C92BD52CEE00E73F87 /* Frameworks */ = {
			isa = PBXFrameworksBuildPhase;
			buildActionMask = 2147483647;
			files = (
			);
			runOnlyForDeploymentPostprocessing = 0;
		};
/* End PBXFrameworksBuildPhase section */

/* Begin PBXGroup section */
		D00279C32BD52CEE00E73F87 = {
			isa = PBXGroup;
			children = (
				D00279CE2BD52CEE00E73F87 /* UIKITHomeWork8 */,
				D00279CD2BD52CEE00E73F87 /* Products */,
			);
			sourceTree = "<group>";
		};
		D00279CD2BD52CEE00E73F87 /* Products */ = {
			isa = PBXGroup;
			children = (
				D00279CC2BD52CEE00E73F87 /* UIKITHomeWork8.app */,
			);
			name = Products;
			sourceTree = "<group>";
		};
		D00279CE2BD52CEE00E73F87 /* UIKITHomeWork8 */ = {
			isa = PBXGroup;
			children = (
				D04B8EE62BDE86ED00A587B4 /* App */,
				D04B8EE72BDE870D00A587B4 /* Supporting Files */,
				D04B8EE82BDE877900A587B4 /* Scenes */,
				D00279F12BD6BA7500E73F87 /* Extensions */,
				D00279F22BD6BA9A00E73F87 /* Cell */,
				D04B8EF62BDE8A7600A587B4 /* Resources */,
				D00279F02BD6BA4E00E73F87 /* Model */,
				D04B8EF12BDE8A4100A587B4 /* Networking */,
			);
			path = UIKITHomeWork8;
			sourceTree = "<group>";
		};
		D00279F02BD6BA4E00E73F87 /* Model */ = {
			isa = PBXGroup;
			children = (
				D00279E92BD52E0600E73F87 /* CountryModel.swift */,
			);
			path = Model;
			sourceTree = "<group>";
		};
		D00279F12BD6BA7500E73F87 /* Extensions */ = {
			isa = PBXGroup;
			children = (
				D00279EB2BD52F2F00E73F87 /* UIView+Ext.swift */,
			);
			path = Extensions;
			sourceTree = "<group>";
		};
		D00279F22BD6BA9A00E73F87 /* Cell */ = {
			isa = PBXGroup;
			children = (
				D00279E72BD52DE500E73F87 /* CountryTableViewCell.swift */,
				D04B8EFA2BDEA04B00A587B4 /* CountryTableViewCellViewModel.swift */,
			);
			path = Cell;
			sourceTree = "<group>";
		};
		D03D74952BDFF84100371338 /* Extension */ = {
			isa = PBXGroup;
			children = (
				D04B8EF82BDE94B100A587B4 /* CountryTableView.swift */,
			);
			path = Extension;
			sourceTree = "<group>";
		};
		D03D749F2BE0049000371338 /* LoginPage */ = {
			isa = PBXGroup;
			children = (
				D03D74A02BE004B500371338 /* LoginPageViewController.swift */,
				D03D74A22BE0363100371338 /* LoginPageViewModel.swift */,
				D03D74A42BE0486600371338 /* KeychainService.swift */,
				D03D74A62BE0592400371338 /* Extension */,
			);
			path = LoginPage;
			sourceTree = "<group>";
		};
		D03D74A62BE0592400371338 /* Extension */ = {
			isa = PBXGroup;
			children = (
				D03D74A72BE0593B00371338 /* LoginPageExtension.swift */,
			);
			path = Extension;
			sourceTree = "<group>";
		};
		D04B8EE62BDE86ED00A587B4 /* App */ = {
			isa = PBXGroup;
			children = (
				D00279CF2BD52CEE00E73F87 /* AppDelegate.swift */,
				D00279D12BD52CEE00E73F87 /* SceneDelegate.swift */,
			);
			path = App;
			sourceTree = "<group>";
		};
		D04B8EE72BDE870D00A587B4 /* Supporting Files */ = {
			isa = PBXGroup;
			children = (
				D00279DA2BD52CEF00E73F87 /* LaunchScreen.storyboard */,
				D00279DD2BD52CEF00E73F87 /* Info.plist */,
			);
			path = "Supporting Files";
			sourceTree = "<group>";
		};
		D04B8EE82BDE877900A587B4 /* Scenes */ = {
			isa = PBXGroup;
			children = (
				D04B8EE92BDE878200A587B4 /* Country */,
			);
			path = Scenes;
			sourceTree = "<group>";
		};
		D04B8EE92BDE878200A587B4 /* Country */ = {
			isa = PBXGroup;
			children = (
				D03D749F2BE0049000371338 /* LoginPage */,
				D04B8EEA2BDE878800A587B4 /* Main */,
				D04B8EEB2BDE878E00A587B4 /* Details */,
			);
			path = Country;
			sourceTree = "<group>";
		};
		D04B8EEA2BDE878800A587B4 /* Main */ = {
			isa = PBXGroup;
			children = (
				D00279E32BD52DA300E73F87 /* CountryMainPageController.swift */,
				D04B8EEC2BDE88FF00A587B4 /* CountryMainPageViewModel.swift */,
				D03D74952BDFF84100371338 /* Extension */,
			);
			path = Main;
			sourceTree = "<group>";
		};
		D04B8EEB2BDE878E00A587B4 /* Details */ = {
			isa = PBXGroup;
			children = (
				D00279E52BD52DB900E73F87 /* CountryDetailsViewCV.swift */,
				D04B8EEF2BDE892C00A587B4 /* CountryDetailsViewModel.swift */,
			);
			path = Details;
			sourceTree = "<group>";
		};
		D04B8EF12BDE8A4100A587B4 /* Networking */ = {
			isa = PBXGroup;
			children = (
				D04B8EF22BDE8A5100A587B4 /* NetworkService.swift */,
				D04B8EF42BDE8A6000A587B4 /* ImageService.swift */,
			);
			path = Networking;
			sourceTree = "<group>";
		};
		D04B8EF62BDE8A7600A587B4 /* Resources */ = {
			isa = PBXGroup;
			children = (
				D00279D82BD52CEF00E73F87 /* Assets.xcassets */,
			);
			path = Resources;
			sourceTree = "<group>";
		};
/* End PBXGroup section */

/* Begin PBXNativeTarget section */
		D00279CB2BD52CEE00E73F87 /* UIKITHomeWork8 */ = {
			isa = PBXNativeTarget;
			buildConfigurationList = D00279E02BD52CEF00E73F87 /* Build configuration list for PBXNativeTarget "UIKITHomeWork8" */;
			buildPhases = (
				D00279C82BD52CEE00E73F87 /* Sources */,
				D00279C92BD52CEE00E73F87 /* Frameworks */,
				D00279CA2BD52CEE00E73F87 /* Resources */,
			);
			buildRules = (
			);
			dependencies = (
			);
			name = UIKITHomeWork8;
			productName = UIKITHomeWork8;
			productReference = D00279CC2BD52CEE00E73F87 /* UIKITHomeWork8.app */;
			productType = "com.apple.product-type.application";
		};
/* End PBXNativeTarget section */

/* Begin PBXProject section */
		D00279C42BD52CEE00E73F87 /* Project object */ = {
			isa = PBXProject;
			attributes = {
				BuildIndependentTargetsInParallel = 1;
				LastSwiftUpdateCheck = 1530;
				LastUpgradeCheck = 1530;
				TargetAttributes = {
					D00279CB2BD52CEE00E73F87 = {
						CreatedOnToolsVersion = 15.3;
					};
				};
			};
			buildConfigurationList = D00279C72BD52CEE00E73F87 /* Build configuration list for PBXProject "UIKITHomeWork8" */;
			compatibilityVersion = "Xcode 14.0";
			developmentRegion = en;
			hasScannedForEncodings = 0;
			knownRegions = (
				en,
				Base,
			);
			mainGroup = D00279C32BD52CEE00E73F87;
			productRefGroup = D00279CD2BD52CEE00E73F87 /* Products */;
			projectDirPath = "";
			projectRoot = "";
			targets = (
				D00279CB2BD52CEE00E73F87 /* UIKITHomeWork8 */,
			);
		};
/* End PBXProject section */

/* Begin PBXResourcesBuildPhase section */
		D00279CA2BD52CEE00E73F87 /* Resources */ = {
			isa = PBXResourcesBuildPhase;
			buildActionMask = 2147483647;
			files = (
				D00279D92BD52CEF00E73F87 /* Assets.xcassets in Resources */,
				D00279DC2BD52CEF00E73F87 /* Base in Resources */,
			);
			runOnlyForDeploymentPostprocessing = 0;
		};
/* End PBXResourcesBuildPhase section */

/* Begin PBXSourcesBuildPhase section */
		D00279C82BD52CEE00E73F87 /* Sources */ = {
			isa = PBXSourcesBuildPhase;
			buildActionMask = 2147483647;
			files = (
				D03D74A12BE004B500371338 /* LoginPageViewController.swift in Sources */,
				D04B8EF32BDE8A5100A587B4 /* NetworkService.swift in Sources */,
				D00279D02BD52CEE00E73F87 /* AppDelegate.swift in Sources */,
				D04B8EF02BDE892C00A587B4 /* CountryDetailsViewModel.swift in Sources */,
				D00279D22BD52CEE00E73F87 /* SceneDelegate.swift in Sources */,
				D03D74A82BE0593B00371338 /* LoginPageExtension.swift in Sources */,
				D03D74A52BE0486600371338 /* KeychainService.swift in Sources */,
				D00279EA2BD52E0600E73F87 /* CountryModel.swift in Sources */,
				D04B8EED2BDE88FF00A587B4 /* CountryMainPageViewModel.swift in Sources */,
				D00279E42BD52DA300E73F87 /* CountryMainPageController.swift in Sources */,
				D03D74A32BE0363100371338 /* LoginPageViewModel.swift in Sources */,
				D04B8EF92BDE94B100A587B4 /* CountryTableView.swift in Sources */,
				D00279EC2BD52F2F00E73F87 /* UIView+Ext.swift in Sources */,
				D04B8EF52BDE8A6000A587B4 /* ImageService.swift in Sources */,
				D00279E62BD52DB900E73F87 /* CountryDetailsViewCV.swift in Sources */,
				D04B8EFB2BDEA04B00A587B4 /* CountryTableViewCellViewModel.swift in Sources */,
				D00279E82BD52DE500E73F87 /* CountryTableViewCell.swift in Sources */,
			);
			runOnlyForDeploymentPostprocessing = 0;
		};
/* End PBXSourcesBuildPhase section */

/* Begin PBXVariantGroup section */
		D00279DA2BD52CEF00E73F87 /* LaunchScreen.storyboard */ = {
			isa = PBXVariantGroup;
			children = (
				D00279DB2BD52CEF00E73F87 /* Base */,
			);
			name = LaunchScreen.storyboard;
			sourceTree = "<group>";
		};
/* End PBXVariantGroup section */

/* Begin XCBuildConfiguration section */
		D00279DE2BD52CEF00E73F87 /* Debug */ = {
			isa = XCBuildConfiguration;
			buildSettings = {
				ALWAYS_SEARCH_USER_PATHS = NO;
				ASSETCATALOG_COMPILER_GENERATE_SWIFT_ASSET_SYMBOL_EXTENSIONS = YES;
				CLANG_ANALYZER_NONNULL = YES;
				CLANG_ANALYZER_NUMBER_OBJECT_CONVERSION = YES_AGGRESSIVE;
				CLANG_CXX_LANGUAGE_STANDARD = "gnu++20";
				CLANG_ENABLE_MODULES = YES;
				CLANG_ENABLE_OBJC_ARC = YES;
				CLANG_ENABLE_OBJC_WEAK = YES;
				CLANG_WARN_BLOCK_CAPTURE_AUTORELEASING = YES;
				CLANG_WARN_BOOL_CONVERSION = YES;
				CLANG_WARN_COMMA = YES;
				CLANG_WARN_CONSTANT_CONVERSION = YES;
				CLANG_WARN_DEPRECATED_OBJC_IMPLEMENTATIONS = YES;
				CLANG_WARN_DIRECT_OBJC_ISA_USAGE = YES_ERROR;
				CLANG_WARN_DOCUMENTATION_COMMENTS = YES;
				CLANG_WARN_EMPTY_BODY = YES;
				CLANG_WARN_ENUM_CONVERSION = YES;
				CLANG_WARN_INFINITE_RECURSION = YES;
				CLANG_WARN_INT_CONVERSION = YES;
				CLANG_WARN_NON_LITERAL_NULL_CONVERSION = YES;
				CLANG_WARN_OBJC_IMPLICIT_RETAIN_SELF = YES;
				CLANG_WARN_OBJC_LITERAL_CONVERSION = YES;
				CLANG_WARN_OBJC_ROOT_CLASS = YES_ERROR;
				CLANG_WARN_QUOTED_INCLUDE_IN_FRAMEWORK_HEADER = YES;
				CLANG_WARN_RANGE_LOOP_ANALYSIS = YES;
				CLANG_WARN_STRICT_PROTOTYPES = YES;
				CLANG_WARN_SUSPICIOUS_MOVE = YES;
				CLANG_WARN_UNGUARDED_AVAILABILITY = YES_AGGRESSIVE;
				CLANG_WARN_UNREACHABLE_CODE = YES;
				CLANG_WARN__DUPLICATE_METHOD_MATCH = YES;
				COPY_PHASE_STRIP = NO;
				DEBUG_INFORMATION_FORMAT = dwarf;
				ENABLE_STRICT_OBJC_MSGSEND = YES;
				ENABLE_TESTABILITY = YES;
				ENABLE_USER_SCRIPT_SANDBOXING = YES;
				GCC_C_LANGUAGE_STANDARD = gnu17;
				GCC_DYNAMIC_NO_PIC = NO;
				GCC_NO_COMMON_BLOCKS = YES;
				GCC_OPTIMIZATION_LEVEL = 0;
				GCC_PREPROCESSOR_DEFINITIONS = (
					"DEBUG=1",
					"$(inherited)",
				);
				GCC_WARN_64_TO_32_BIT_CONVERSION = YES;
				GCC_WARN_ABOUT_RETURN_TYPE = YES_ERROR;
				GCC_WARN_UNDECLARED_SELECTOR = YES;
				GCC_WARN_UNINITIALIZED_AUTOS = YES_AGGRESSIVE;
				GCC_WARN_UNUSED_FUNCTION = YES;
				GCC_WARN_UNUSED_VARIABLE = YES;
				IPHONEOS_DEPLOYMENT_TARGET = 17.4;
				LOCALIZATION_PREFERS_STRING_CATALOGS = YES;
				MTL_ENABLE_DEBUG_INFO = INCLUDE_SOURCE;
				MTL_FAST_MATH = YES;
				ONLY_ACTIVE_ARCH = YES;
				SDKROOT = iphoneos;
				SWIFT_ACTIVE_COMPILATION_CONDITIONS = "DEBUG $(inherited)";
				SWIFT_OPTIMIZATION_LEVEL = "-Onone";
			};
			name = Debug;
		};
		D00279DF2BD52CEF00E73F87 /* Release */ = {
			isa = XCBuildConfiguration;
			buildSettings = {
				ALWAYS_SEARCH_USER_PATHS = NO;
				ASSETCATALOG_COMPILER_GENERATE_SWIFT_ASSET_SYMBOL_EXTENSIONS = YES;
				CLANG_ANALYZER_NONNULL = YES;
				CLANG_ANALYZER_NUMBER_OBJECT_CONVERSION = YES_AGGRESSIVE;
				CLANG_CXX_LANGUAGE_STANDARD = "gnu++20";
				CLANG_ENABLE_MODULES = YES;
				CLANG_ENABLE_OBJC_ARC = YES;
				CLANG_ENABLE_OBJC_WEAK = YES;
				CLANG_WARN_BLOCK_CAPTURE_AUTORELEASING = YES;
				CLANG_WARN_BOOL_CONVERSION = YES;
				CLANG_WARN_COMMA = YES;
				CLANG_WARN_CONSTANT_CONVERSION = YES;
				CLANG_WARN_DEPRECATED_OBJC_IMPLEMENTATIONS = YES;
				CLANG_WARN_DIRECT_OBJC_ISA_USAGE = YES_ERROR;
				CLANG_WARN_DOCUMENTATION_COMMENTS = YES;
				CLANG_WARN_EMPTY_BODY = YES;
				CLANG_WARN_ENUM_CONVERSION = YES;
				CLANG_WARN_INFINITE_RECURSION = YES;
				CLANG_WARN_INT_CONVERSION = YES;
				CLANG_WARN_NON_LITERAL_NULL_CONVERSION = YES;
				CLANG_WARN_OBJC_IMPLICIT_RETAIN_SELF = YES;
				CLANG_WARN_OBJC_LITERAL_CONVERSION = YES;
				CLANG_WARN_OBJC_ROOT_CLASS = YES_ERROR;
				CLANG_WARN_QUOTED_INCLUDE_IN_FRAMEWORK_HEADER = YES;
				CLANG_WARN_RANGE_LOOP_ANALYSIS = YES;
				CLANG_WARN_STRICT_PROTOTYPES = YES;
				CLANG_WARN_SUSPICIOUS_MOVE = YES;
				CLANG_WARN_UNGUARDED_AVAILABILITY = YES_AGGRESSIVE;
				CLANG_WARN_UNREACHABLE_CODE = YES;
				CLANG_WARN__DUPLICATE_METHOD_MATCH = YES;
				COPY_PHASE_STRIP = NO;
				DEBUG_INFORMATION_FORMAT = "dwarf-with-dsym";
				ENABLE_NS_ASSERTIONS = NO;
				ENABLE_STRICT_OBJC_MSGSEND = YES;
				ENABLE_USER_SCRIPT_SANDBOXING = YES;
				GCC_C_LANGUAGE_STANDARD = gnu17;
				GCC_NO_COMMON_BLOCKS = YES;
				GCC_WARN_64_TO_32_BIT_CONVERSION = YES;
				GCC_WARN_ABOUT_RETURN_TYPE = YES_ERROR;
				GCC_WARN_UNDECLARED_SELECTOR = YES;
				GCC_WARN_UNINITIALIZED_AUTOS = YES_AGGRESSIVE;
				GCC_WARN_UNUSED_FUNCTION = YES;
				GCC_WARN_UNUSED_VARIABLE = YES;
				IPHONEOS_DEPLOYMENT_TARGET = 17.4;
				LOCALIZATION_PREFERS_STRING_CATALOGS = YES;
				MTL_ENABLE_DEBUG_INFO = NO;
				MTL_FAST_MATH = YES;
				SDKROOT = iphoneos;
				SWIFT_COMPILATION_MODE = wholemodule;
				VALIDATE_PRODUCT = YES;
			};
			name = Release;
		};
		D00279E12BD52CEF00E73F87 /* Debug */ = {
			isa = XCBuildConfiguration;
			buildSettings = {
				ASSETCATALOG_COMPILER_APPICON_NAME = AppIcon;
				ASSETCATALOG_COMPILER_GLOBAL_ACCENT_COLOR_NAME = AccentColor;
				CODE_SIGN_STYLE = Automatic;
				CURRENT_PROJECT_VERSION = 1;
				DEVELOPMENT_TEAM = BUWU6XCAQ7;
				GENERATE_INFOPLIST_FILE = YES;
				INFOPLIST_FILE = "UIKITHomeWork8/Supporting Files/Info.plist";
				INFOPLIST_KEY_UIApplicationSupportsIndirectInputEvents = YES;
				INFOPLIST_KEY_UILaunchStoryboardName = LaunchScreen;
				INFOPLIST_KEY_UISupportedInterfaceOrientations_iPad = "UIInterfaceOrientationPortrait UIInterfaceOrientationPortraitUpsideDown UIInterfaceOrientationLandscapeLeft UIInterfaceOrientationLandscapeRight";
				INFOPLIST_KEY_UISupportedInterfaceOrientations_iPhone = "UIInterfaceOrientationPortrait UIInterfaceOrientationLandscapeLeft UIInterfaceOrientationLandscapeRight";
				LD_RUNPATH_SEARCH_PATHS = (
					"$(inherited)",
					"@executable_path/Frameworks",
				);
				MARKETING_VERSION = 1.0;
				PRODUCT_BUNDLE_IDENTIFIER = ge.academy.UIKITHomeWork8;
				PRODUCT_NAME = "$(TARGET_NAME)";
				SWIFT_EMIT_LOC_STRINGS = YES;
				SWIFT_VERSION = 5.0;
				TARGETED_DEVICE_FAMILY = "1,2";
			};
			name = Debug;
		};
		D00279E22BD52CEF00E73F87 /* Release */ = {
			isa = XCBuildConfiguration;
			buildSettings = {
				ASSETCATALOG_COMPILER_APPICON_NAME = AppIcon;
				ASSETCATALOG_COMPILER_GLOBAL_ACCENT_COLOR_NAME = AccentColor;
				CODE_SIGN_STYLE = Automatic;
				CURRENT_PROJECT_VERSION = 1;
				DEVELOPMENT_TEAM = BUWU6XCAQ7;
				GENERATE_INFOPLIST_FILE = YES;
				INFOPLIST_FILE = "UIKITHomeWork8/Supporting Files/Info.plist";
				INFOPLIST_KEY_UIApplicationSupportsIndirectInputEvents = YES;
				INFOPLIST_KEY_UILaunchStoryboardName = LaunchScreen;
				INFOPLIST_KEY_UISupportedInterfaceOrientations_iPad = "UIInterfaceOrientationPortrait UIInterfaceOrientationPortraitUpsideDown UIInterfaceOrientationLandscapeLeft UIInterfaceOrientationLandscapeRight";
				INFOPLIST_KEY_UISupportedInterfaceOrientations_iPhone = "UIInterfaceOrientationPortrait UIInterfaceOrientationLandscapeLeft UIInterfaceOrientationLandscapeRight";
				LD_RUNPATH_SEARCH_PATHS = (
					"$(inherited)",
					"@executable_path/Frameworks",
				);
				MARKETING_VERSION = 1.0;
				PRODUCT_BUNDLE_IDENTIFIER = ge.academy.UIKITHomeWork8;
				PRODUCT_NAME = "$(TARGET_NAME)";
				SWIFT_EMIT_LOC_STRINGS = YES;
				SWIFT_VERSION = 5.0;
				TARGETED_DEVICE_FAMILY = "1,2";
			};
			name = Release;
		};
/* End XCBuildConfiguration section */

/* Begin XCConfigurationList section */
		D00279C72BD52CEE00E73F87 /* Build configuration list for PBXProject "UIKITHomeWork8" */ = {
			isa = XCConfigurationList;
			buildConfigurations = (
				D00279DE2BD52CEF00E73F87 /* Debug */,
				D00279DF2BD52CEF00E73F87 /* Release */,
			);
			defaultConfigurationIsVisible = 0;
			defaultConfigurationName = Release;
		};
		D00279E02BD52CEF00E73F87 /* Build configuration list for PBXNativeTarget "UIKITHomeWork8" */ = {
			isa = XCConfigurationList;
			buildConfigurations = (
				D00279E12BD52CEF00E73F87 /* Debug */,
				D00279E22BD52CEF00E73F87 /* Release */,
			);
			defaultConfigurationIsVisible = 0;
			defaultConfigurationName = Release;
		};
/* End XCConfigurationList section */
	};
	rootObject = D00279C42BD52CEE00E73F87 /* Project object */;
}
